{
  "version": 4,
  "terraform_version": "1.9.8",
  "serial": 24,
  "lineage": "8f6f1337-b3b1-fffb-0993-4d8fbb179a7c",
  "outputs": {},
  "resources": [
    {
      "module": "module.ec2",
      "mode": "managed",
      "type": "aws_instance",
      "name": "private",
      "provider": "provider[\"registry.terraform.io/hashicorp/aws\"]",
      "instances": [
        {
          "schema_version": 1,
          "attributes": {
            "ami": "ami-0b0ea68c435eb488d",
            "arn": "arn:aws:ec2:us-east-1:537124964259:instance/i-054dc88b4f98754e4",
            "associate_public_ip_address": false,
            "availability_zone": "us-east-1a",
            "capacity_reservation_specification": [
              {
                "capacity_reservation_preference": "open",
                "capacity_reservation_target": []
              }
            ],
            "cpu_core_count": 1,
            "cpu_options": [
              {
                "amd_sev_snp": "",
                "core_count": 1,
                "threads_per_core": 1
              }
            ],
            "cpu_threads_per_core": 1,
            "credit_specification": [
              {
                "cpu_credits": "standard"
              }
            ],
            "disable_api_stop": false,
            "disable_api_termination": false,
            "ebs_block_device": [],
            "ebs_optimized": false,
            "enclave_options": [
              {
                "enabled": false
              }
            ],
            "ephemeral_block_device": [],
            "get_password_data": false,
            "hibernation": false,
            "host_id": "",
            "host_resource_group_arn": null,
            "iam_instance_profile": "",
            "id": "i-054dc88b4f98754e4",
            "instance_initiated_shutdown_behavior": "stop",
            "instance_state": "running",
            "instance_type": "t2.micro",
            "ipv6_address_count": 0,
            "ipv6_addresses": [],
            "key_name": "demo-key",
            "launch_template": [],
            "maintenance_options": [
              {
                "auto_recovery": "default"
              }
            ],
            "metadata_options": [
              {
                "http_endpoint": "enabled",
                "http_put_response_hop_limit": 1,
                "http_tokens": "optional",
                "instance_metadata_tags": "disabled"
              }
            ],
            "monitoring": false,
            "network_interface": [],
            "outpost_arn": "",
            "password_data": "",
            "placement_group": "",
            "placement_partition_number": 0,
            "primary_network_interface_id": "eni-0aceafafe4df369cd",
            "private_dns": "ip-10-0-2-205.ec2.internal",
            "private_dns_name_options": [
              {
                "enable_resource_name_dns_a_record": false,
                "enable_resource_name_dns_aaaa_record": false,
                "hostname_type": "ip-name"
              }
            ],
            "private_ip": "10.0.2.205",
            "public_dns": "",
            "public_ip": "",
            "root_block_device": [
              {
                "delete_on_termination": true,
                "device_name": "/dev/sda1",
                "encrypted": false,
                "iops": 100,
                "kms_key_id": "",
                "tags": {},
                "throughput": 0,
                "volume_id": "vol-0f24c04be12db701e",
                "volume_size": 8,
                "volume_type": "gp2"
              }
            ],
            "secondary_private_ips": [],
            "security_groups": [],
            "source_dest_check": true,
            "subnet_id": "subnet-0fe23a5db894161ea",
            "tags": {
              "Name": "demo-private"
            },
            "tags_all": {
              "Name": "demo-private"
            },
            "tenancy": "default",
            "timeouts": null,
            "user_data": null,
            "user_data_base64": null,
            "user_data_replace_on_change": false,
            "volume_tags": null,
            "vpc_security_group_ids": [
              "sg-0eac2268f9c20755a"
            ]
          },
          "sensitive_attributes": [],
          "private": "eyJlMmJmYjczMC1lY2FhLTExZTYtOGY4OC0zNDM2M2JjN2M0YzAiOnsiY3JlYXRlIjo2MDAwMDAwMDAwMDAsImRlbGV0ZSI6MTIwMDAwMDAwMDAwMCwidXBkYXRlIjo2MDAwMDAwMDAwMDB9LCJzY2hlbWFfdmVyc2lvbiI6IjEifQ==",
          "dependencies": [
            "module.ec2.aws_security_group.private",
            "module.ec2.aws_security_group.public",
            "module.networking.aws_subnet.private",
            "module.networking.aws_vpc.main",
            "module.networking.data.aws_region.current",
            "module.ssh_key.aws_key_pair.generated",
            "module.ssh_key.tls_private_key.ssh"
          ]
        }
      ]
    },
    {
      "module": "module.ec2",
      "mode": "managed",
      "type": "aws_instance",
      "name": "public",
      "provider": "provider[\"registry.terraform.io/hashicorp/aws\"]",
      "instances": [
        {
          "schema_version": 1,
          "attributes": {
            "ami": "ami-0b0ea68c435eb488d",
            "arn": "arn:aws:ec2:us-east-1:537124964259:instance/i-0ebfe8b6cd660a02d",
            "associate_public_ip_address": true,
            "availability_zone": "us-east-1a",
            "capacity_reservation_specification": [
              {
                "capacity_reservation_preference": "open",
                "capacity_reservation_target": []
              }
            ],
            "cpu_core_count": 1,
            "cpu_options": [
              {
                "amd_sev_snp": "",
                "core_count": 1,
                "threads_per_core": 1
              }
            ],
            "cpu_threads_per_core": 1,
            "credit_specification": [
              {
                "cpu_credits": "standard"
              }
            ],
            "disable_api_stop": false,
            "disable_api_termination": false,
            "ebs_block_device": [],
            "ebs_optimized": false,
            "enclave_options": [
              {
                "enabled": false
              }
            ],
            "ephemeral_block_device": [],
            "get_password_data": false,
            "hibernation": false,
            "host_id": "",
            "host_resource_group_arn": null,
            "iam_instance_profile": "",
            "id": "i-0ebfe8b6cd660a02d",
            "instance_initiated_shutdown_behavior": "stop",
            "instance_state": "running",
            "instance_type": "t2.micro",
            "ipv6_address_count": 0,
            "ipv6_addresses": [],
            "key_name": "demo-key",
            "launch_template": [],
            "maintenance_options": [
              {
                "auto_recovery": "default"
              }
            ],
            "metadata_options": [
              {
                "http_endpoint": "enabled",
                "http_put_response_hop_limit": 1,
                "http_tokens": "optional",
                "instance_metadata_tags": "disabled"
              }
            ],
            "monitoring": false,
            "network_interface": [],
            "outpost_arn": "",
            "password_data": "",
            "placement_group": "",
            "placement_partition_number": 0,
            "primary_network_interface_id": "eni-032e46a67d0f23cc8",
            "private_dns": "ip-10-0-1-39.ec2.internal",
            "private_dns_name_options": [
              {
                "enable_resource_name_dns_a_record": false,
                "enable_resource_name_dns_aaaa_record": false,
                "hostname_type": "ip-name"
              }
            ],
            "private_ip": "10.0.1.39",
            "public_dns": "ec2-44-212-54-62.compute-1.amazonaws.com",
            "public_ip": "44.212.54.62",
            "root_block_device": [
              {
                "delete_on_termination": true,
                "device_name": "/dev/sda1",
                "encrypted": false,
                "iops": 100,
                "kms_key_id": "",
                "tags": {},
                "throughput": 0,
                "volume_id": "vol-0bf6a34354c8ea88f",
                "volume_size": 8,
                "volume_type": "gp2"
              }
            ],
            "secondary_private_ips": [],
            "security_groups": [],
            "source_dest_check": true,
            "subnet_id": "subnet-0e129e96c5cf450f4",
            "tags": {
              "Name": "demo-public"
            },
            "tags_all": {
              "Name": "demo-public"
            },
            "tenancy": "default",
            "timeouts": null,
            "user_data": "94d3488a967b2751902c087ca018707d7772a683",
            "user_data_base64": null,
            "user_data_replace_on_change": false,
            "volume_tags": null,
            "vpc_security_group_ids": [
              "sg-04dcdc2c795389624"
            ]
          },
          "sensitive_attributes": [],
          "private": "eyJlMmJmYjczMC1lY2FhLTExZTYtOGY4OC0zNDM2M2JjN2M0YzAiOnsiY3JlYXRlIjo2MDAwMDAwMDAwMDAsImRlbGV0ZSI6MTIwMDAwMDAwMDAwMCwidXBkYXRlIjo2MDAwMDAwMDAwMDB9LCJzY2hlbWFfdmVyc2lvbiI6IjEifQ==",
          "dependencies": [
            "module.ec2.aws_security_group.public",
            "module.networking.aws_subnet.public",
            "module.networking.aws_vpc.main",
            "module.networking.data.aws_region.current",
            "module.ssh_key.aws_key_pair.generated",
            "module.ssh_key.tls_private_key.ssh"
          ]
        }
      ]
    },
    {
      "module": "module.ec2",
      "mode": "managed",
      "type": "aws_security_group",
      "name": "private",
      "provider": "provider[\"registry.terraform.io/hashicorp/aws\"]",
      "instances": [
        {
          "schema_version": 1,
          "attributes": {
            "arn": "arn:aws:ec2:us-east-1:537124964259:security-group/sg-0eac2268f9c20755a",
            "description": "Private security group",
            "egress": [
              {
                "cidr_blocks": [
                  "0.0.0.0/0"
                ],
                "description": "",
                "from_port": 0,
                "ipv6_cidr_blocks": [],
                "prefix_list_ids": [],
                "protocol": "-1",
                "security_groups": [],
                "self": false,
                "to_port": 0
              }
            ],
            "id": "sg-0eac2268f9c20755a",
            "ingress": [
              {
                "cidr_blocks": [],
                "description": "",
                "from_port": 22,
                "ipv6_cidr_blocks": [],
                "prefix_list_ids": [],
                "protocol": "tcp",
                "security_groups": [
                  "sg-04dcdc2c795389624"
                ],
                "self": false,
                "to_port": 22
              }
            ],
            "name": "demo-private-sg",
            "name_prefix": "",
            "owner_id": "537124964259",
            "revoke_rules_on_delete": false,
            "tags": null,
            "tags_all": {},
            "timeouts": null,
            "vpc_id": "vpc-05c9de809918890a1"
          },
          "sensitive_attributes": [],
          "private": "eyJlMmJmYjczMC1lY2FhLTExZTYtOGY4OC0zNDM2M2JjN2M0YzAiOnsiY3JlYXRlIjo2MDAwMDAwMDAwMDAsImRlbGV0ZSI6OTAwMDAwMDAwMDAwfSwic2NoZW1hX3ZlcnNpb24iOiIxIn0=",
          "dependencies": [
            "module.ec2.aws_security_group.public",
            "module.networking.aws_vpc.main"
          ]
        }
      ]
    },
    {
      "module": "module.ec2",
      "mode": "managed",
      "type": "aws_security_group",
      "name": "public",
      "provider": "provider[\"registry.terraform.io/hashicorp/aws\"]",
      "instances": [
        {
          "schema_version": 1,
          "attributes": {
            "arn": "arn:aws:ec2:us-east-1:537124964259:security-group/sg-04dcdc2c795389624",
            "description": "Public security group",
            "egress": [
              {
                "cidr_blocks": [
                  "0.0.0.0/0"
                ],
                "description": "",
                "from_port": 0,
                "ipv6_cidr_blocks": [],
                "prefix_list_ids": [],
                "protocol": "-1",
                "security_groups": [],
                "self": false,
                "to_port": 0
              }
            ],
            "id": "sg-04dcdc2c795389624",
            "ingress": [
              {
                "cidr_blocks": [
                  "0.0.0.0/0"
                ],
                "description": "",
                "from_port": 22,
                "ipv6_cidr_blocks": [],
                "prefix_list_ids": [],
                "protocol": "tcp",
                "security_groups": [],
                "self": false,
                "to_port": 22
              },
              {
                "cidr_blocks": [
                  "0.0.0.0/0"
                ],
                "description": "",
                "from_port": 80,
                "ipv6_cidr_blocks": [],
                "prefix_list_ids": [],
                "protocol": "tcp",
                "security_groups": [],
                "self": false,
                "to_port": 80
              }
            ],
            "name": "demo-public-sg",
            "name_prefix": "",
            "owner_id": "537124964259",
            "revoke_rules_on_delete": false,
            "tags": null,
            "tags_all": {},
            "timeouts": null,
            "vpc_id": "vpc-05c9de809918890a1"
          },
          "sensitive_attributes": [],
          "private": "eyJlMmJmYjczMC1lY2FhLTExZTYtOGY4OC0zNDM2M2JjN2M0YzAiOnsiY3JlYXRlIjo2MDAwMDAwMDAwMDAsImRlbGV0ZSI6OTAwMDAwMDAwMDAwfSwic2NoZW1hX3ZlcnNpb24iOiIxIn0=",
          "dependencies": [
            "module.networking.aws_vpc.main"
          ]
        }
      ]
    },
    {
      "module": "module.networking",
      "mode": "data",
      "type": "aws_region",
      "name": "current",
      "provider": "provider[\"registry.terraform.io/hashicorp/aws\"]",
      "instances": [
        {
          "schema_version": 0,
          "attributes": {
            "description": "US East (N. Virginia)",
            "endpoint": "ec2.us-east-1.amazonaws.com",
            "id": "us-east-1",
            "name": "us-east-1"
          },
          "sensitive_attributes": []
        }
      ]
    },
    {
      "module": "module.networking",
      "mode": "managed",
      "type": "aws_internet_gateway",
      "name": "main",
      "provider": "provider[\"registry.terraform.io/hashicorp/aws\"]",
      "instances": [
        {
          "schema_version": 0,
          "attributes": {
            "arn": "arn:aws:ec2:us-east-1:537124964259:internet-gateway/igw-0b0cff74e8da6cd50",
            "id": "igw-0b0cff74e8da6cd50",
            "owner_id": "537124964259",
            "tags": {
              "Name": "demo-igw"
            },
            "tags_all": {
              "Name": "demo-igw"
            },
            "timeouts": null,
            "vpc_id": "vpc-05c9de809918890a1"
          },
          "sensitive_attributes": [],
          "private": "eyJlMmJmYjczMC1lY2FhLTExZTYtOGY4OC0zNDM2M2JjN2M0YzAiOnsiY3JlYXRlIjoxMjAwMDAwMDAwMDAwLCJkZWxldGUiOjEyMDAwMDAwMDAwMDAsInVwZGF0ZSI6MTIwMDAwMDAwMDAwMH19",
          "dependencies": [
            "module.networking.aws_vpc.main"
          ]
        }
      ]
    },
    {
      "module": "module.networking",
      "mode": "managed",
      "type": "aws_route_table",
      "name": "public",
      "provider": "provider[\"registry.terraform.io/hashicorp/aws\"]",
      "instances": [
        {
          "schema_version": 0,
          "attributes": {
            "arn": "arn:aws:ec2:us-east-1:537124964259:route-table/rtb-00b769289764dd7d2",
            "id": "rtb-00b769289764dd7d2",
            "owner_id": "537124964259",
            "propagating_vgws": [],
            "route": [
              {
                "carrier_gateway_id": "",
                "cidr_block": "0.0.0.0/0",
                "core_network_arn": "",
                "destination_prefix_list_id": "",
                "egress_only_gateway_id": "",
                "gateway_id": "igw-0b0cff74e8da6cd50",
                "instance_id": "",
                "ipv6_cidr_block": "",
                "local_gateway_id": "",
                "nat_gateway_id": "",
                "network_interface_id": "",
                "transit_gateway_id": "",
                "vpc_endpoint_id": "",
                "vpc_peering_connection_id": ""
              }
            ],
            "tags": {
              "Name": "demo-public-rt"
            },
            "tags_all": {
              "Name": "demo-public-rt"
            },
            "timeouts": null,
            "vpc_id": "vpc-05c9de809918890a1"
          },
          "sensitive_attributes": [],
          "private": "eyJlMmJmYjczMC1lY2FhLTExZTYtOGY4OC0zNDM2M2JjN2M0YzAiOnsiY3JlYXRlIjozMDAwMDAwMDAwMDAsImRlbGV0ZSI6MzAwMDAwMDAwMDAwLCJ1cGRhdGUiOjEyMDAwMDAwMDAwMH19",
          "dependencies": [
            "module.networking.aws_internet_gateway.main",
            "module.networking.aws_vpc.main"
          ]
        }
      ]
    },
    {
      "module": "module.networking",
      "mode": "managed",
      "type": "aws_route_table_association",
      "name": "public",
      "provider": "provider[\"registry.terraform.io/hashicorp/aws\"]",
      "instances": [
        {
          "schema_version": 0,
          "attributes": {
            "gateway_id": "",
            "id": "rtbassoc-0308c55bde50e4527",
            "route_table_id": "rtb-00b769289764dd7d2",
            "subnet_id": "subnet-0e129e96c5cf450f4",
            "timeouts": null
          },
          "sensitive_attributes": [],
          "private": "eyJlMmJmYjczMC1lY2FhLTExZTYtOGY4OC0zNDM2M2JjN2M0YzAiOnsiY3JlYXRlIjozMDAwMDAwMDAwMDAsImRlbGV0ZSI6MzAwMDAwMDAwMDAwLCJ1cGRhdGUiOjEyMDAwMDAwMDAwMH19",
          "dependencies": [
            "module.networking.aws_internet_gateway.main",
            "module.networking.aws_route_table.public",
            "module.networking.aws_subnet.public",
            "module.networking.aws_vpc.main",
            "module.networking.data.aws_region.current"
          ]
        }
      ]
    },
    {
      "module": "module.networking",
      "mode": "managed",
      "type": "aws_subnet",
      "name": "private",
      "provider": "provider[\"registry.terraform.io/hashicorp/aws\"]",
      "instances": [
        {
          "schema_version": 1,
          "attributes": {
            "arn": "arn:aws:ec2:us-east-1:537124964259:subnet/subnet-0fe23a5db894161ea",
            "assign_ipv6_address_on_creation": false,
            "availability_zone": "us-east-1a",
            "availability_zone_id": "use1-az2",
            "cidr_block": "10.0.2.0/24",
            "customer_owned_ipv4_pool": "",
            "enable_dns64": false,
            "enable_lni_at_device_index": 0,
            "enable_resource_name_dns_a_record_on_launch": false,
            "enable_resource_name_dns_aaaa_record_on_launch": false,
            "id": "subnet-0fe23a5db894161ea",
            "ipv6_cidr_block": "",
            "ipv6_cidr_block_association_id": "",
            "ipv6_native": false,
            "map_customer_owned_ip_on_launch": false,
            "map_public_ip_on_launch": false,
            "outpost_arn": "",
            "owner_id": "537124964259",
            "private_dns_hostname_type_on_launch": "ip-name",
            "tags": {
              "Name": "demo-private"
            },
            "tags_all": {
              "Name": "demo-private"
            },
            "timeouts": null,
            "vpc_id": "vpc-05c9de809918890a1"
          },
          "sensitive_attributes": [],
          "private": "eyJlMmJmYjczMC1lY2FhLTExZTYtOGY4OC0zNDM2M2JjN2M0YzAiOnsiY3JlYXRlIjo2MDAwMDAwMDAwMDAsImRlbGV0ZSI6MTIwMDAwMDAwMDAwMH0sInNjaGVtYV92ZXJzaW9uIjoiMSJ9",
          "dependencies": [
            "module.networking.aws_vpc.main",
            "module.networking.data.aws_region.current"
          ]
        }
      ]
    },
    {
      "module": "module.networking",
      "mode": "managed",
      "type": "aws_subnet",
      "name": "public",
      "provider": "provider[\"registry.terraform.io/hashicorp/aws\"]",
      "instances": [
        {
          "schema_version": 1,
          "attributes": {
            "arn": "arn:aws:ec2:us-east-1:537124964259:subnet/subnet-0e129e96c5cf450f4",
            "assign_ipv6_address_on_creation": false,
            "availability_zone": "us-east-1a",
            "availability_zone_id": "use1-az2",
            "cidr_block": "10.0.1.0/24",
            "customer_owned_ipv4_pool": "",
            "enable_dns64": false,
            "enable_lni_at_device_index": 0,
            "enable_resource_name_dns_a_record_on_launch": false,
            "enable_resource_name_dns_aaaa_record_on_launch": false,
            "id": "subnet-0e129e96c5cf450f4",
            "ipv6_cidr_block": "",
            "ipv6_cidr_block_association_id": "",
            "ipv6_native": false,
            "map_customer_owned_ip_on_launch": false,
            "map_public_ip_on_launch": true,
            "outpost_arn": "",
            "owner_id": "537124964259",
            "private_dns_hostname_type_on_launch": "ip-name",
            "tags": {
              "Name": "demo-public"
            },
            "tags_all": {
              "Name": "demo-public"
            },
            "timeouts": null,
            "vpc_id": "vpc-05c9de809918890a1"
          },
          "sensitive_attributes": [],
          "private": "eyJlMmJmYjczMC1lY2FhLTExZTYtOGY4OC0zNDM2M2JjN2M0YzAiOnsiY3JlYXRlIjo2MDAwMDAwMDAwMDAsImRlbGV0ZSI6MTIwMDAwMDAwMDAwMH0sInNjaGVtYV92ZXJzaW9uIjoiMSJ9",
          "dependencies": [
            "module.networking.aws_vpc.main",
            "module.networking.data.aws_region.current"
          ]
        }
      ]
    },
    {
      "module": "module.networking",
      "mode": "managed",
      "type": "aws_vpc",
      "name": "main",
      "provider": "provider[\"registry.terraform.io/hashicorp/aws\"]",
      "instances": [
        {
          "schema_version": 1,
          "attributes": {
            "arn": "arn:aws:ec2:us-east-1:537124964259:vpc/vpc-05c9de809918890a1",
            "assign_generated_ipv6_cidr_block": false,
            "cidr_block": "10.0.0.0/16",
            "default_network_acl_id": "acl-0ba93d7e6bbeeb665",
            "default_route_table_id": "rtb-01f468de4015a55cb",
            "default_security_group_id": "sg-00273b2abcdbd762b",
            "dhcp_options_id": "dopt-0900bc72a1d6c48c1",
            "enable_classiclink": false,
            "enable_classiclink_dns_support": false,
            "enable_dns_hostnames": true,
            "enable_dns_support": true,
            "enable_network_address_usage_metrics": false,
            "id": "vpc-05c9de809918890a1",
            "instance_tenancy": "default",
            "ipv4_ipam_pool_id": null,
            "ipv4_netmask_length": null,
            "ipv6_association_id": "",
            "ipv6_cidr_block": "",
            "ipv6_cidr_block_network_border_group": "",
            "ipv6_ipam_pool_id": "",
            "ipv6_netmask_length": 0,
            "main_route_table_id": "rtb-01f468de4015a55cb",
            "owner_id": "537124964259",
            "tags": {
              "Name": "demo-vpc"
            },
            "tags_all": {
              "Name": "demo-vpc"
            }
          },
          "sensitive_attributes": [],
          "private": "eyJzY2hlbWFfdmVyc2lvbiI6IjEifQ=="
        }
      ]
    },
    {
      "module": "module.ssh_key",
      "mode": "managed",
      "type": "aws_key_pair",
      "name": "generated",
      "provider": "provider[\"registry.terraform.io/hashicorp/aws\"]",
      "instances": [
        {
          "schema_version": 1,
          "attributes": {
            "arn": "arn:aws:ec2:us-east-1:537124964259:key-pair/demo-key",
            "fingerprint": "8d:26:f4:6c:60:a3:f9:19:15:7f:77:79:89:07:a1:98",
            "id": "demo-key",
            "key_name": "demo-key",
            "key_name_prefix": "",
            "key_pair_id": "key-0a74c79875470a29d",
            "key_type": "rsa",
            "public_key": "ssh-rsa AAAAB3NzaC1yc2EAAAADAQABAAACAQDfe0Epq0KVro1TsdGr991jzeXd7SnCQiGyNgXcpjk7zOgqVIHXQ/jpnhh9lyGyfeGnM8CzjLRiBsnrrL+TxxfFbud57ZbUvSoGZ3LNZKbLZ4ZB7H0Cw9qYDuxs1ddjdBn+2mIrZvWDg8EaZaaMwAd1htkty2R9qaxYoBsdL83/b3bIQNW8FDzxDeCe8nhMqxW/wlVwibZJgjIoQ0qDb2c94foWIxL1H7pYPaSvVI+6tBe3jBgYFhDbTUB+IqIYPqGCnqBESGcqcpG2EmUXF8QWwb8FSNElSTCqgc056dMAqPLDztyBZgFmn17fWnj/O2SFfazWJJmnO0AZ44YFDzj+e6CBQF8XvWUcn7sEYWgRCtLjrkZ49E8+uYkT4csKpvKGWMNmf/i7T0/5zNHIU6Z50+Z2t4ig5sD/V95ikGYyOHp0jyt1xfVv5iIJvFBkTgvhBiIImLe3XihWyhEk0tVFTLUMS4CxiobLVzouOEj1PIeeh8WH6yPFQ+87D73eEW5Ue+vP9qBUCMGA+3lcKmvBcdeqdu9xQ4FpeYoetUoBoiJjIfYUiMfTOGpXyBP0r3+c3d28rJF1VX1g2Z04kQ03NxLC8+iOsB6Q6HUnuSQjMPkSSdAcT9fXnFmwvXcQysk3NJIn8eOgraBXlC7SlYQxLgASu3srz9Ipmg5/vBYrMw==",
            "tags": {},
            "tags_all": {}
          },
          "sensitive_attributes": [],
          "private": "eyJzY2hlbWFfdmVyc2lvbiI6IjEifQ==",
          "dependencies": [
            "module.ssh_key.tls_private_key.ssh"
          ]
        }
      ]
    },
    {
      "module": "module.ssh_key",
      "mode": "managed",
      "type": "tls_private_key",
      "name": "ssh",
      "provider": "provider[\"registry.terraform.io/hashicorp/tls\"]",
      "instances": [
        {
          "schema_version": 1,
          "attributes": {
            "algorithm": "RSA",
            "ecdsa_curve": "P224",
            "id": "7d0e07b28bf44d5100f6d3057e4cb1db580731fb",
            "private_key_openssh": "-----BEGIN OPENSSH PRIVATE KEY-----\nb3BlbnNzaC1rZXktdjEAAAAABG5vbmUAAAAEbm9uZQAAAAAAAAABAAACFwAAAAdz\nc2gtcnNhAAAAAwEAAQAAAgEA33tBKatCla6NU7HRq/fdY83l3e0pwkIhsjYF3KY5\nO8zoKlSB10P46Z4YfZchsn3hpzPAs4y0YgbJ66y/k8cXxW7nee2W1L0qBmdyzWSm\ny2eGQex9AsPamA7sbNXXY3QZ/tpiK2b1g4PBGmWmjMAHdYbZLctkfamsWKAbHS/N\n/292yEDVvBQ88Q3gnvJ4TKsVv8JVcIm2SYIyKENKg29nPeH6FiMS9R+6WD2kr1SP\nurQXt4wYGBYQ201AfiKiGD6hgp6gREhnKnKRthJlFxfEFsG/BUjRJUkwqoHNOenT\nAKjyw87cgWYBZp9e31p4/ztkhX2s1iSZpztAGeOGBQ84/nuggUBfF71lHJ+7BGFo\nEQrS465GePRPPrmJE+HLCqbyhljDZn/4u09P+czRyFOmedPmdreIoObA/1feYpBm\nMjh6dI8rdcX1b+YiCbxQZE4L4QYiCJi3t14oVsoRJNLVRUy1DEuAsYqGy1c6LjhI\n9TyHnofFh+sjxUPvOw+93hFuVHvrz/agVAjBgPt5XCprwXHXqnbvcUOBaXmKHrVK\nAaIiYyH2FIjH0zhqV8gT9K9/nN3dvKyRdVV9YNmdOJENNzcSwvPojrAekOh1J7kk\nIzD5EknQHE/X15xZsL13EMrJNzSSJ/HjoK2gV5Qu0pWEMS4AErt7K8/SKZoOf7wW\nKzMAAAc4bOrRQGzq0UAAAAAHc3NoLXJzYQAAAgEA33tBKatCla6NU7HRq/fdY83l\n3e0pwkIhsjYF3KY5O8zoKlSB10P46Z4YfZchsn3hpzPAs4y0YgbJ66y/k8cXxW7n\nee2W1L0qBmdyzWSmy2eGQex9AsPamA7sbNXXY3QZ/tpiK2b1g4PBGmWmjMAHdYbZ\nLctkfamsWKAbHS/N/292yEDVvBQ88Q3gnvJ4TKsVv8JVcIm2SYIyKENKg29nPeH6\nFiMS9R+6WD2kr1SPurQXt4wYGBYQ201AfiKiGD6hgp6gREhnKnKRthJlFxfEFsG/\nBUjRJUkwqoHNOenTAKjyw87cgWYBZp9e31p4/ztkhX2s1iSZpztAGeOGBQ84/nug\ngUBfF71lHJ+7BGFoEQrS465GePRPPrmJE+HLCqbyhljDZn/4u09P+czRyFOmedPm\ndreIoObA/1feYpBmMjh6dI8rdcX1b+YiCbxQZE4L4QYiCJi3t14oVsoRJNLVRUy1\nDEuAsYqGy1c6LjhI9TyHnofFh+sjxUPvOw+93hFuVHvrz/agVAjBgPt5XCprwXHX\nqnbvcUOBaXmKHrVKAaIiYyH2FIjH0zhqV8gT9K9/nN3dvKyRdVV9YNmdOJENNzcS\nwvPojrAekOh1J7kkIzD5EknQHE/X15xZsL13EMrJNzSSJ/HjoK2gV5Qu0pWEMS4A\nErt7K8/SKZoOf7wWKzMAAAADAQABAAACAQDK1ziB9avt6AzmllNU3xjW6Z9mG0j3\nxMaI1nfjmgwAty9SnHltRYi7on9gHri7JX6XIGYbke53uumzO4x3ORHeZZc8F+X7\nGeb3ARY2TtEFdeVqGJgu1k2mDoWRE1b4Mf0WUGkiM8VLpV6z8ueEgRdEGS0uX5nK\nZSLFHiz+BNHYsvcBM7fLiiL2OD5UhoeiLvcCogSirJwDhGS6HrmXKppulJlFVnhy\nfGXKicjcSshaEfQk6MdFtWF/a1LKKe0uTEqUIB4fXAgngu22cGPI3g1hCmGzDjCm\nwxOk70Oy+QRHaRFPoIaL/GXxG14lJB0GrIXElBk4FOhR3XmFBfoyxWpX/u8zVsSN\n9NGXr+VJo9AvYmaz9RcCDIMseQVthehc7gp6ja/ouD2EFIWHjakUUXSg/fJWLUSd\nt4DMsXMkIIA2wleJZJBMVaos8HR8fCovrXKsyRjLvh1BAJV2RZipYnIeptd1KWFk\nmjm1454sstl65Dh/Uj/oX1Bnhu6zHcg/Wq7+mGHjSAFVtmaVL8JuzM9NIgFoUaOf\n0sd+R8d7cg0Vy4aDBl9+0vsf27HFF8zzU+N5imrxPJXnX1LRonl2G4qx+hPGg4J9\nvzmEnbaNk19b1inEaHK/Ltgdyi0rGInSDKweN/qIfdm4/yTbEfFRraMXuk8HFxGL\nD/Ayazwbd90EQQAAAQEA1uxSgufsBU77kZEjZqgSLU+19vT0S8zd1CjYnEdjeAdR\nDo5im/q5xTkzphTeTlP4r4ABokPoQ3ljFIFOlMd376VSnkTyVDgS0o2ne/xQl5f5\nUU1PYUHc85d1zp+d9Xc/LCUrjgrTv0v565Z7NVomGtmG6vEQruhvdbL3i73RP1i1\nZuD1zR67aEqXFsn29v7f0sRmDPrdgEFMNjZbbyEgO1AMej7oPwOWLZHoLrgutclH\nZvDXwuFQCtAo29Ozvx6NDLpl91XV8O6K4JG+0Bat/6oXaQSpJZt59uRu8CpYnphU\neZxG705hmz97TTQG1z4MPUWkC3BOye8QkXTSFPjKpgAAAQEA8QJu2EatPXTHABHq\nU5QphBBaA/Alw5iWSmrQTdtMinnJ0eGPHR6iF7XlqYOy9acPVINpuL5ZxEVz2swe\n9NuroXFXLjefu3K3dLYOzp145HQ6RJfdnfmGBNX9bjfzQJ6wCYoFvMwOZqmHIwqV\nlCuAho74FKG4FxZNjeSEU/PoJNd4zeyKodUQ13ksNuc5j8F4GHv8WyuSgKGDfX4E\ncXOioZ066TT5c4b4QRni9lytfsVUWb+lj35X06+O/ODV8hjqZIBcpmsIYAaUAek0\nk6pKdkUbJkwnfjEa3PR3qbb/fQ4LSCmY5AseQ1eIYxe+Jzj5/oH1tPRaBME9WPc4\nbRRO2QAAAQEA7WG5e/HED996pWf0ZpQ2olQy0WtHauBzdqrUEFbP5qBlhePuYmUN\n5frgbat7Y0u34kVoEBQzxIOMgwLZoqY6Nup9rWm39WCbX5BioIxb+yZedIgQZ5ZY\nMdINf2JY/yZp6V32xJgI++YmEofoB+ql1ZSDoTocXkiNsngEttEMV6MyENeKbEWv\npXafjkKTMQ+jbZMRKoBLzlwZFLnAMOYfi8TFj3Q4QFVYiQeie6sB+8wuL8fUL08K\nND4Fai0EwxE7Qp1qHDet3WmWGP1G/bBRPjMEIFWZQ6ZxIXjcBjcuqUUIIjfocszt\ny/y19c0O5GaQWgkZVSBUxgrnoD4045Xa6wAAAAAB\n-----END OPENSSH PRIVATE KEY-----\n",
            "private_key_pem": "-----BEGIN RSA PRIVATE KEY-----\nMIIJKgIBAAKCAgEA33tBKatCla6NU7HRq/fdY83l3e0pwkIhsjYF3KY5O8zoKlSB\n10P46Z4YfZchsn3hpzPAs4y0YgbJ66y/k8cXxW7nee2W1L0qBmdyzWSmy2eGQex9\nAsPamA7sbNXXY3QZ/tpiK2b1g4PBGmWmjMAHdYbZLctkfamsWKAbHS/N/292yEDV\nvBQ88Q3gnvJ4TKsVv8JVcIm2SYIyKENKg29nPeH6FiMS9R+6WD2kr1SPurQXt4wY\nGBYQ201AfiKiGD6hgp6gREhnKnKRthJlFxfEFsG/BUjRJUkwqoHNOenTAKjyw87c\ngWYBZp9e31p4/ztkhX2s1iSZpztAGeOGBQ84/nuggUBfF71lHJ+7BGFoEQrS465G\nePRPPrmJE+HLCqbyhljDZn/4u09P+czRyFOmedPmdreIoObA/1feYpBmMjh6dI8r\ndcX1b+YiCbxQZE4L4QYiCJi3t14oVsoRJNLVRUy1DEuAsYqGy1c6LjhI9TyHnofF\nh+sjxUPvOw+93hFuVHvrz/agVAjBgPt5XCprwXHXqnbvcUOBaXmKHrVKAaIiYyH2\nFIjH0zhqV8gT9K9/nN3dvKyRdVV9YNmdOJENNzcSwvPojrAekOh1J7kkIzD5EknQ\nHE/X15xZsL13EMrJNzSSJ/HjoK2gV5Qu0pWEMS4AErt7K8/SKZoOf7wWKzMCAwEA\nAQKCAgEAytc4gfWr7egM5pZTVN8Y1umfZhtI98TGiNZ345oMALcvUpx5bUWIu6J/\nYB64uyV+lyBmG5Hud7rpszuMdzkR3mWXPBfl+xnm9wEWNk7RBXXlahiYLtZNpg6F\nkRNW+DH9FlBpIjPFS6Ves/LnhIEXRBktLl+ZymUixR4s/gTR2LL3ATO3y4oi9jg+\nVIaHoi73AqIEoqycA4Rkuh65lyqabpSZRVZ4cnxlyonI3ErIWhH0JOjHRbVhf2tS\nyintLkxKlCAeH1wIJ4LttnBjyN4NYQphsw4wpsMTpO9DsvkER2kRT6CGi/xl8Rte\nJSQdBqyFxJQZOBToUd15hQX6MsVqV/7vM1bEjfTRl6/lSaPQL2Jms/UXAgyDLHkF\nbYXoXO4Keo2v6Lg9hBSFh42pFFF0oP3yVi1EnbeAzLFzJCCANsJXiWSQTFWqLPB0\nfHwqL61yrMkYy74dQQCVdkWYqWJyHqbXdSlhZJo5teOeLLLZeuQ4f1I/6F9QZ4bu\nsx3IP1qu/phh40gBVbZmlS/CbszPTSIBaFGjn9LHfkfHe3INFcuGgwZfftL7H9ux\nxRfM81PjeYpq8TyV519S0aJ5dhuKsfoTxoOCfb85hJ22jZNfW9YpxGhyvy7YHcot\nKxiJ0gysHjf6iH3ZuP8k2xHxUa2jF7pPBxcRiw/wMms8G3fdBEECggEBAPECbthG\nrT10xwAR6lOUKYQQWgPwJcOYlkpq0E3bTIp5ydHhjx0eohe15amDsvWnD1SDabi+\nWcRFc9rMHvTbq6FxVy43n7tyt3S2Ds6deOR0OkSX3Z35hgTV/W4380CesAmKBbzM\nDmaphyMKlZQrgIaO+BShuBcWTY3khFPz6CTXeM3siqHVENd5LDbnOY/BeBh7/Fsr\nkoChg31+BHFzoqGdOuk0+XOG+EEZ4vZcrX7FVFm/pY9+V9Ovjvzg1fIY6mSAXKZr\nCGAGlAHpNJOqSnZFGyZMJ34xGtz0d6m2/30OC0gpmOQLHkNXiGMXvic4+f6B9bT0\nWgTBPVj3OG0UTtkCggEBAO1huXvxxA/feqVn9GaUNqJUMtFrR2rgc3aq1BBWz+ag\nZYXj7mJlDeX64G2re2NLt+JFaBAUM8SDjIMC2aKmOjbqfa1pt/Vgm1+QYqCMW/sm\nXnSIEGeWWDHSDX9iWP8maeld9sSYCPvmJhKH6AfqpdWUg6E6HF5IjbJ4BLbRDFej\nMhDXimxFr6V2n45CkzEPo22TESqAS85cGRS5wDDmH4vExY90OEBVWIkHonurAfvM\nLi/H1C9PCjQ+BWotBMMRO0Kdahw3rd1plhj9Rv2wUT4zBCBVmUOmcSF43AY3LqlF\nCCI36HLM7cv8tfXNDuRmkFoJGVUgVMYK56A+NOOV2usCggEAfyqdehiwyECZz/uj\n/L2sujY2iOVpx673fgSmLK6N0HM6fjfZ36+OL5yWtb776opfmGROoGAv1VQgMU6K\n9wABq4m2SninG60IB9kYLwUACOsa456OHRDQGjUfJ8z12R7iG+Zr6JZy8tB4sZCg\nJDJf+p/tXlWGYQgvm7L776A+2VGoOF+bNpDJ9ifFoKKYyLV4vNKO8TwobR7L1qdr\niMFPCp9/uhVtmfuZeiBClWOJV96fB0wL+47aoKN9ewjXWoqzApyIRncrUB+ocOmw\nCEpOR+Fm1epQ3FDkr7l+elpIrJ+AbG8mcQ08xqOlH0Qj3WY+4n+IOhbEeMXNrOel\nKkkQ4QKCAQEAubKtK2yh99jXVPXRlz1yz+IWLwVBRTZ4nOheJLoEwWHQicEZBxgO\nm056qtBvIepl2zh4g7uKE7zk+sgMANUQzUz7K+F76xS79zI4NWgXvIzzby3Rx3cx\nXyf3LyN8g31FdS3wkTJuNMCCIBT5StghCse3gTS4ZHlVf7ur1GgMw7ICxHIY80JA\neawmfV9PTh3xtxJJZ3od0zzw0enNk3MyUmCIPASqzIj3TZsPXLcWQigkKXSlZKzs\nSpoKGllFVGPye9Yw4AoelQq4RKw+EM8Rfxrhq3nK/8UA0zJ8zM/2TKyYBEzAJq5x\niBYVMkhL0hj567UagCFer95v/EctkKv2KQKCAQEA1uxSgufsBU77kZEjZqgSLU+1\n9vT0S8zd1CjYnEdjeAdRDo5im/q5xTkzphTeTlP4r4ABokPoQ3ljFIFOlMd376VS\nnkTyVDgS0o2ne/xQl5f5UU1PYUHc85d1zp+d9Xc/LCUrjgrTv0v565Z7NVomGtmG\n6vEQruhvdbL3i73RP1i1ZuD1zR67aEqXFsn29v7f0sRmDPrdgEFMNjZbbyEgO1AM\nej7oPwOWLZHoLrgutclHZvDXwuFQCtAo29Ozvx6NDLpl91XV8O6K4JG+0Bat/6oX\naQSpJZt59uRu8CpYnphUeZxG705hmz97TTQG1z4MPUWkC3BOye8QkXTSFPjKpg==\n-----END RSA PRIVATE KEY-----\n",
            "private_key_pem_pkcs8": "-----BEGIN PRIVATE KEY-----\nMIIJRAIBADANBgkqhkiG9w0BAQEFAASCCS4wggkqAgEAAoICAQDfe0Epq0KVro1T\nsdGr991jzeXd7SnCQiGyNgXcpjk7zOgqVIHXQ/jpnhh9lyGyfeGnM8CzjLRiBsnr\nrL+TxxfFbud57ZbUvSoGZ3LNZKbLZ4ZB7H0Cw9qYDuxs1ddjdBn+2mIrZvWDg8Ea\nZaaMwAd1htkty2R9qaxYoBsdL83/b3bIQNW8FDzxDeCe8nhMqxW/wlVwibZJgjIo\nQ0qDb2c94foWIxL1H7pYPaSvVI+6tBe3jBgYFhDbTUB+IqIYPqGCnqBESGcqcpG2\nEmUXF8QWwb8FSNElSTCqgc056dMAqPLDztyBZgFmn17fWnj/O2SFfazWJJmnO0AZ\n44YFDzj+e6CBQF8XvWUcn7sEYWgRCtLjrkZ49E8+uYkT4csKpvKGWMNmf/i7T0/5\nzNHIU6Z50+Z2t4ig5sD/V95ikGYyOHp0jyt1xfVv5iIJvFBkTgvhBiIImLe3XihW\nyhEk0tVFTLUMS4CxiobLVzouOEj1PIeeh8WH6yPFQ+87D73eEW5Ue+vP9qBUCMGA\n+3lcKmvBcdeqdu9xQ4FpeYoetUoBoiJjIfYUiMfTOGpXyBP0r3+c3d28rJF1VX1g\n2Z04kQ03NxLC8+iOsB6Q6HUnuSQjMPkSSdAcT9fXnFmwvXcQysk3NJIn8eOgraBX\nlC7SlYQxLgASu3srz9Ipmg5/vBYrMwIDAQABAoICAQDK1ziB9avt6AzmllNU3xjW\n6Z9mG0j3xMaI1nfjmgwAty9SnHltRYi7on9gHri7JX6XIGYbke53uumzO4x3ORHe\nZZc8F+X7Geb3ARY2TtEFdeVqGJgu1k2mDoWRE1b4Mf0WUGkiM8VLpV6z8ueEgRdE\nGS0uX5nKZSLFHiz+BNHYsvcBM7fLiiL2OD5UhoeiLvcCogSirJwDhGS6HrmXKppu\nlJlFVnhyfGXKicjcSshaEfQk6MdFtWF/a1LKKe0uTEqUIB4fXAgngu22cGPI3g1h\nCmGzDjCmwxOk70Oy+QRHaRFPoIaL/GXxG14lJB0GrIXElBk4FOhR3XmFBfoyxWpX\n/u8zVsSN9NGXr+VJo9AvYmaz9RcCDIMseQVthehc7gp6ja/ouD2EFIWHjakUUXSg\n/fJWLUSdt4DMsXMkIIA2wleJZJBMVaos8HR8fCovrXKsyRjLvh1BAJV2RZipYnIe\nptd1KWFkmjm1454sstl65Dh/Uj/oX1Bnhu6zHcg/Wq7+mGHjSAFVtmaVL8JuzM9N\nIgFoUaOf0sd+R8d7cg0Vy4aDBl9+0vsf27HFF8zzU+N5imrxPJXnX1LRonl2G4qx\n+hPGg4J9vzmEnbaNk19b1inEaHK/Ltgdyi0rGInSDKweN/qIfdm4/yTbEfFRraMX\nuk8HFxGLD/Ayazwbd90EQQKCAQEA8QJu2EatPXTHABHqU5QphBBaA/Alw5iWSmrQ\nTdtMinnJ0eGPHR6iF7XlqYOy9acPVINpuL5ZxEVz2swe9NuroXFXLjefu3K3dLYO\nzp145HQ6RJfdnfmGBNX9bjfzQJ6wCYoFvMwOZqmHIwqVlCuAho74FKG4FxZNjeSE\nU/PoJNd4zeyKodUQ13ksNuc5j8F4GHv8WyuSgKGDfX4EcXOioZ066TT5c4b4QRni\n9lytfsVUWb+lj35X06+O/ODV8hjqZIBcpmsIYAaUAek0k6pKdkUbJkwnfjEa3PR3\nqbb/fQ4LSCmY5AseQ1eIYxe+Jzj5/oH1tPRaBME9WPc4bRRO2QKCAQEA7WG5e/HE\nD996pWf0ZpQ2olQy0WtHauBzdqrUEFbP5qBlhePuYmUN5frgbat7Y0u34kVoEBQz\nxIOMgwLZoqY6Nup9rWm39WCbX5BioIxb+yZedIgQZ5ZYMdINf2JY/yZp6V32xJgI\n++YmEofoB+ql1ZSDoTocXkiNsngEttEMV6MyENeKbEWvpXafjkKTMQ+jbZMRKoBL\nzlwZFLnAMOYfi8TFj3Q4QFVYiQeie6sB+8wuL8fUL08KND4Fai0EwxE7Qp1qHDet\n3WmWGP1G/bBRPjMEIFWZQ6ZxIXjcBjcuqUUIIjfocszty/y19c0O5GaQWgkZVSBU\nxgrnoD4045Xa6wKCAQB/Kp16GLDIQJnP+6P8vay6NjaI5WnHrvd+BKYsro3Qczp+\nN9nfr44vnJa1vvvqil+YZE6gYC/VVCAxTor3AAGribZKeKcbrQgH2RgvBQAI6xrj\nno4dENAaNR8nzPXZHuIb5mvolnLy0HixkKAkMl/6n+1eVYZhCC+bsvvvoD7ZUag4\nX5s2kMn2J8WgopjItXi80o7xPChtHsvWp2uIwU8Kn3+6FW2Z+5l6IEKVY4lX3p8H\nTAv7jtqgo317CNdairMCnIhGdytQH6hw6bAISk5H4WbV6lDcUOSvuX56Wkisn4Bs\nbyZxDTzGo6UfRCPdZj7if4g6FsR4xc2s56UqSRDhAoIBAQC5sq0rbKH32NdU9dGX\nPXLP4hYvBUFFNnic6F4kugTBYdCJwRkHGA6bTnqq0G8h6mXbOHiDu4oTvOT6yAwA\n1RDNTPsr4XvrFLv3Mjg1aBe8jPNvLdHHdzFfJ/cvI3yDfUV1LfCRMm40wIIgFPlK\n2CEKx7eBNLhkeVV/u6vUaAzDsgLEchjzQkB5rCZ9X09OHfG3Eklneh3TPPDR6c2T\nczJSYIg8BKrMiPdNmw9ctxZCKCQpdKVkrOxKmgoaWUVUY/J71jDgCh6VCrhErD4Q\nzxF/GuGrecr/xQDTMnzMz/ZMrJgETMAmrnGIFhUySEvSGPnrtRqAIV6v3m/8Ry2Q\nq/YpAoIBAQDW7FKC5+wFTvuRkSNmqBItT7X29PRLzN3UKNicR2N4B1EOjmKb+rnF\nOTOmFN5OU/ivgAGiQ+hDeWMUgU6Ux3fvpVKeRPJUOBLSjad7/FCXl/lRTU9hQdzz\nl3XOn531dz8sJSuOCtO/S/nrlns1WiYa2Ybq8RCu6G91sveLvdE/WLVm4PXNHrto\nSpcWyfb2/t/SxGYM+t2AQUw2NltvISA7UAx6Pug/A5YtkeguuC61yUdm8NfC4VAK\n0Cjb07O/Ho0MumX3VdXw7orgkb7QFq3/qhdpBKklm3n25G7wKliemFR5nEbvTmGb\nP3tNNAbXPgw9RaQLcE7J7xCRdNIU+Mqm\n-----END PRIVATE KEY-----\n",
            "public_key_fingerprint_md5": "6b:21:1a:a7:1d:db:e5:c1:48:b1:84:5e:ab:2f:a1:76",
            "public_key_fingerprint_sha256": "SHA256:q1in6bNeNAbqYna8bFswHnxkvxPF3qajhgxR331BzlU",
            "public_key_openssh": "ssh-rsa AAAAB3NzaC1yc2EAAAADAQABAAACAQDfe0Epq0KVro1TsdGr991jzeXd7SnCQiGyNgXcpjk7zOgqVIHXQ/jpnhh9lyGyfeGnM8CzjLRiBsnrrL+TxxfFbud57ZbUvSoGZ3LNZKbLZ4ZB7H0Cw9qYDuxs1ddjdBn+2mIrZvWDg8EaZaaMwAd1htkty2R9qaxYoBsdL83/b3bIQNW8FDzxDeCe8nhMqxW/wlVwibZJgjIoQ0qDb2c94foWIxL1H7pYPaSvVI+6tBe3jBgYFhDbTUB+IqIYPqGCnqBESGcqcpG2EmUXF8QWwb8FSNElSTCqgc056dMAqPLDztyBZgFmn17fWnj/O2SFfazWJJmnO0AZ44YFDzj+e6CBQF8XvWUcn7sEYWgRCtLjrkZ49E8+uYkT4csKpvKGWMNmf/i7T0/5zNHIU6Z50+Z2t4ig5sD/V95ikGYyOHp0jyt1xfVv5iIJvFBkTgvhBiIImLe3XihWyhEk0tVFTLUMS4CxiobLVzouOEj1PIeeh8WH6yPFQ+87D73eEW5Ue+vP9qBUCMGA+3lcKmvBcdeqdu9xQ4FpeYoetUoBoiJjIfYUiMfTOGpXyBP0r3+c3d28rJF1VX1g2Z04kQ03NxLC8+iOsB6Q6HUnuSQjMPkSSdAcT9fXnFmwvXcQysk3NJIn8eOgraBXlC7SlYQxLgASu3srz9Ipmg5/vBYrMw==\n",
            "public_key_pem": "-----BEGIN PUBLIC KEY-----\nMIICIjANBgkqhkiG9w0BAQEFAAOCAg8AMIICCgKCAgEA33tBKatCla6NU7HRq/fd\nY83l3e0pwkIhsjYF3KY5O8zoKlSB10P46Z4YfZchsn3hpzPAs4y0YgbJ66y/k8cX\nxW7nee2W1L0qBmdyzWSmy2eGQex9AsPamA7sbNXXY3QZ/tpiK2b1g4PBGmWmjMAH\ndYbZLctkfamsWKAbHS/N/292yEDVvBQ88Q3gnvJ4TKsVv8JVcIm2SYIyKENKg29n\nPeH6FiMS9R+6WD2kr1SPurQXt4wYGBYQ201AfiKiGD6hgp6gREhnKnKRthJlFxfE\nFsG/BUjRJUkwqoHNOenTAKjyw87cgWYBZp9e31p4/ztkhX2s1iSZpztAGeOGBQ84\n/nuggUBfF71lHJ+7BGFoEQrS465GePRPPrmJE+HLCqbyhljDZn/4u09P+czRyFOm\nedPmdreIoObA/1feYpBmMjh6dI8rdcX1b+YiCbxQZE4L4QYiCJi3t14oVsoRJNLV\nRUy1DEuAsYqGy1c6LjhI9TyHnofFh+sjxUPvOw+93hFuVHvrz/agVAjBgPt5XCpr\nwXHXqnbvcUOBaXmKHrVKAaIiYyH2FIjH0zhqV8gT9K9/nN3dvKyRdVV9YNmdOJEN\nNzcSwvPojrAekOh1J7kkIzD5EknQHE/X15xZsL13EMrJNzSSJ/HjoK2gV5Qu0pWE\nMS4AErt7K8/SKZoOf7wWKzMCAwEAAQ==\n-----END PUBLIC KEY-----\n",
            "rsa_bits": 4096
          },
          "sensitive_attributes": [
            [
              {
                "type": "get_attr",
                "value": "private_key_pem_pkcs8"
              }
            ],
            [
              {
                "type": "get_attr",
                "value": "private_key_openssh"
              }
            ],
            [
              {
                "type": "get_attr",
                "value": "private_key_pem"
              }
            ]
          ]
        }
      ]
    }
  ],
  "check_results": null
}
